
Microsoft Visual Studio Solution File, Format Version 12.00
# Visual Studio Version 16
VisualStudioVersion = 16.0.29613.14
MinimumVisualStudioVersion = 10.0.40219.1
Project("{FAE04EC0-301F-11D3-BF4B-00C04F79EFBC}") = "CorePractise01.Webapp", "CorePractise01.Webapp\CorePractise01.Webapp.csproj", "{CAB2DD6F-C76A-4A93-A273-3A311B72BE78}"
EndProject
Project("{FAE04EC0-301F-11D3-BF4B-00C04F79EFBC}") = "CorePractise01.Persistence", "CorePractise01.Persistence\CorePractise01.Persistence.csproj", "{03A32AD1-61D0-4A60-AF6A-3C247841025C}"
EndProject
Project("{FAE04EC0-301F-11D3-BF4B-00C04F79EFBC}") = "CorePractise01.Domain", "CorePractise01.Domain\CorePractise01.Domain.csproj", "{265EB360-DB35-4BBE-98CB-576BBA216D14}"
EndProject
Project("{FAE04EC0-301F-11D3-BF4B-00C04F79EFBC}") = "CorePractise01.Contracts", "CorePractise01.Contracts\CorePractise01.Contracts.csproj", "{614035C5-3269-486F-8328-ED32C9F08187}"
EndProject
Project("{FAE04EC0-301F-11D3-BF4B-00C04F79EFBC}") = "CorePractise01.Infrastructure", "CorePractise01.Infrastructure\CorePractise01.Infrastructure.csproj", "{6C0AB6A1-B4A6-4783-AD87-953DDFF50F71}"
EndProject
Global
	GlobalSection(SolutionConfigurationPlatforms) = preSolution
		Debug|Any CPU = Debug|Any CPU
		Release|Any CPU = Release|Any CPU
	EndGlobalSection
	GlobalSection(ProjectConfigurationPlatforms) = postSolution
		{CAB2DD6F-C76A-4A93-A273-3A311B72BE78}.Debug|Any CPU.ActiveCfg = Debug|Any CPU
		{CAB2DD6F-C76A-4A93-A273-3A311B72BE78}.Debug|Any CPU.Build.0 = Debug|Any CPU
		{CAB2DD6F-C76A-4A93-A273-3A311B72BE78}.Release|Any CPU.ActiveCfg = Release|Any CPU
		{CAB2DD6F-C76A-4A93-A273-3A311B72BE78}.Release|Any CPU.Build.0 = Release|Any CPU
		{03A32AD1-61D0-4A60-AF6A-3C247841025C}.Debug|Any CPU.ActiveCfg = Debug|Any CPU
		{03A32AD1-61D0-4A60-AF6A-3C247841025C}.Debug|Any CPU.Build.0 = Debug|Any CPU
		{03A32AD1-61D0-4A60-AF6A-3C247841025C}.Release|Any CPU.ActiveCfg = Release|Any CPU
		{03A32AD1-61D0-4A60-AF6A-3C247841025C}.Release|Any CPU.Build.0 = Release|Any CPU
		{265EB360-DB35-4BBE-98CB-576BBA216D14}.Debug|Any CPU.ActiveCfg = Debug|Any CPU
		{265EB360-DB35-4BBE-98CB-576BBA216D14}.Debug|Any CPU.Build.0 = Debug|Any CPU
		{265EB360-DB35-4BBE-98CB-576BBA216D14}.Release|Any CPU.ActiveCfg = Release|Any CPU
		{265EB360-DB35-4BBE-98CB-576BBA216D14}.Release|Any CPU.Build.0 = Release|Any CPU
		{614035C5-3269-486F-8328-ED32C9F08187}.Debug|Any CPU.ActiveCfg = Debug|Any CPU
		{614035C5-3269-486F-8328-ED32C9F08187}.Debug|Any CPU.Build.0 = Debug|Any CPU
		{614035C5-3269-486F-8328-ED32C9F08187}.Release|Any CPU.ActiveCfg = Release|Any CPU
		{614035C5-3269-486F-8328-ED32C9F08187}.Release|Any CPU.Build.0 = Release|Any CPU
		{6C0AB6A1-B4A6-4783-AD87-953DDFF50F71}.Debug|Any CPU.ActiveCfg = Debug|Any CPU
		{6C0AB6A1-B4A6-4783-AD87-953DDFF50F71}.Debug|Any CPU.Build.0 = Debug|Any CPU
		{6C0AB6A1-B4A6-4783-AD87-953DDFF50F71}.Release|Any CPU.ActiveCfg = Release|Any CPU
		{6C0AB6A1-B4A6-4783-AD87-953DDFF50F71}.Release|Any CPU.Build.0 = Release|Any CPU
	EndGlobalSection
	GlobalSection(SolutionProperties) = preSolution
		HideSolutionNode = FALSE
	EndGlobalSection
	GlobalSection(ExtensibilityGlobals) = postSolution
		SolutionGuid = {9A338C94-F972-4677-9379-75C92DFA3EB3}
	EndGlobalSection
EndGlobal
